// !$*UTF8*$!
{
	archiveVersion = 1;
	classes = {
	};
	objectVersion = 55;
	objects = {

/* Begin PBXBuildFile section */
		76F20FB427C230AB006E70CC /* WeChatDemoApp.swift in Sources */ = {isa = PBXBuildFile; fileRef = 76F20FB327C230AB006E70CC /* WeChatDemoApp.swift */; };
		76F20FB627C230AB006E70CC /* HomeView.swift in Sources */ = {isa = PBXBuildFile; fileRef = 76F20FB527C230AB006E70CC /* HomeView.swift */; };
		76F20FB827C230AD006E70CC /* Assets.xcassets in Resources */ = {isa = PBXBuildFile; fileRef = 76F20FB727C230AD006E70CC /* Assets.xcassets */; };
		76F20FBB27C230AD006E70CC /* Preview Assets.xcassets in Resources */ = {isa = PBXBuildFile; fileRef = 76F20FBA27C230AD006E70CC /* Preview Assets.xcassets */; };
		76F20FC527C230AD006E70CC /* WeChatDemoTests.swift in Sources */ = {isa = PBXBuildFile; fileRef = 76F20FC427C230AD006E70CC /* WeChatDemoTests.swift */; };
		76F20FCF27C230AD006E70CC /* WeChatDemoUITests.swift in Sources */ = {isa = PBXBuildFile; fileRef = 76F20FCE27C230AD006E70CC /* WeChatDemoUITests.swift */; };
		76F20FD127C230AD006E70CC /* WeChatDemoUITestsLaunchTests.swift in Sources */ = {isa = PBXBuildFile; fileRef = 76F20FD027C230AD006E70CC /* WeChatDemoUITestsLaunchTests.swift */; };
		76F20FDE27C23469006E70CC /* ChatListView.swift in Sources */ = {isa = PBXBuildFile; fileRef = 76F20FDD27C23469006E70CC /* ChatListView.swift */; };
		76F20FE027C234AE006E70CC /* CollectionView.swift in Sources */ = {isa = PBXBuildFile; fileRef = 76F20FDF27C234AE006E70CC /* CollectionView.swift */; };
		76F20FE227C23559006E70CC /* FilterView.swift in Sources */ = {isa = PBXBuildFile; fileRef = 76F20FE127C23559006E70CC /* FilterView.swift */; };
/* End PBXBuildFile section */

/* Begin PBXContainerItemProxy section */
		76F20FC127C230AD006E70CC /* PBXContainerItemProxy */ = {
			isa = PBXContainerItemProxy;
			containerPortal = 76F20FA827C230AB006E70CC /* Project object */;
			proxyType = 1;
			remoteGlobalIDString = 76F20FAF27C230AB006E70CC;
			remoteInfo = WeChatDemo;
		};
		76F20FCB27C230AD006E70CC /* PBXContainerItemProxy */ = {
			isa = PBXContainerItemProxy;
			containerPortal = 76F20FA827C230AB006E70CC /* Project object */;
			proxyType = 1;
			remoteGlobalIDString = 76F20FAF27C230AB006E70CC;
			remoteInfo = WeChatDemo;
		};
/* End PBXContainerItemProxy section */

/* Begin PBXFileReference section */
		76F20FB027C230AB006E70CC /* WeChatDemo.app */ = {isa = PBXFileReference; explicitFileType = wrapper.application; includeInIndex = 0; path = WeChatDemo.app; sourceTree = BUILT_PRODUCTS_DIR; };
		76F20FB327C230AB006E70CC /* WeChatDemoApp.swift */ = {isa = PBXFileReference; lastKnownFileType = sourcecode.swift; path = WeChatDemoApp.swift; sourceTree = "<group>"; };
		76F20FB527C230AB006E70CC /* HomeView.swift */ = {isa = PBXFileReference; lastKnownFileType = sourcecode.swift; path = HomeView.swift; sourceTree = "<group>"; };
		76F20FB727C230AD006E70CC /* Assets.xcassets */ = {isa = PBXFileReference; lastKnownFileType = folder.assetcatalog; path = Assets.xcassets; sourceTree = "<group>"; };
		76F20FBA27C230AD006E70CC /* Preview Assets.xcassets */ = {isa = PBXFileReference; lastKnownFileType = folder.assetcatalog; path = "Preview Assets.xcassets"; sourceTree = "<group>"; };
		76F20FC027C230AD006E70CC /* WeChatDemoTests.xctest */ = {isa = PBXFileReference; explicitFileType = wrapper.cfbundle; includeInIndex = 0; path = WeChatDemoTests.xctest; sourceTree = BUILT_PRODUCTS_DIR; };
		76F20FC427C230AD006E70CC /* WeChatDemoTests.swift */ = {isa = PBXFileReference; lastKnownFileType = sourcecode.swift; path = WeChatDemoTests.swift; sourceTree = "<group>"; };
		76F20FCA27C230AD006E70CC /* WeChatDemoUITests.xctest */ = {isa = PBXFileReference; explicitFileType = wrapper.cfbundle; includeInIndex = 0; path = WeChatDemoUITests.xctest; sourceTree = BUILT_PRODUCTS_DIR; };
		76F20FCE27C230AD006E70CC /* WeChatDemoUITests.swift */ = {isa = PBXFileReference; lastKnownFileType = sourcecode.swift; path = WeChatDemoUITests.swift; sourceTree = "<group>"; };
		76F20FD027C230AD006E70CC /* WeChatDemoUITestsLaunchTests.swift */ = {isa = PBXFileReference; lastKnownFileType = sourcecode.swift; path = WeChatDemoUITestsLaunchTests.swift; sourceTree = "<group>"; };
		76F20FDD27C23469006E70CC /* ChatListView.swift */ = {isa = PBXFileReference; lastKnownFileType = sourcecode.swift; path = ChatListView.swift; sourceTree = "<group>"; };
		76F20FDF27C234AE006E70CC /* CollectionView.swift */ = {isa = PBXFileReference; lastKnownFileType = sourcecode.swift; path = CollectionView.swift; sourceTree = "<group>"; };
		76F20FE127C23559006E70CC /* FilterView.swift */ = {isa = PBXFileReference; lastKnownFileType = sourcecode.swift; path = FilterView.swift; sourceTree = "<group>"; };
/* End PBXFileReference section */

/* Begin PBXFrameworksBuildPhase section */
		76F20FAD27C230AB006E70CC /* Frameworks */ = {
			isa = PBXFrameworksBuildPhase;
			buildActionMask = 2147483647;
			files = (
			);
			runOnlyForDeploymentPostprocessing = 0;
		};
		76F20FBD27C230AD006E70CC /* Frameworks */ = {
			isa = PBXFrameworksBuildPhase;
			buildActionMask = 2147483647;
			files = (
			);
			runOnlyForDeploymentPostprocessing = 0;
		};
		76F20FC727C230AD006E70CC /* Frameworks */ = {
			isa = PBXFrameworksBuildPhase;
			buildActionMask = 2147483647;
			files = (
			);
			runOnlyForDeploymentPostprocessing = 0;
		};
/* End PBXFrameworksBuildPhase section */

/* Begin PBXGroup section */
		76F20FA727C230AB006E70CC = {
			isa = PBXGroup;
			children = (
				76F20FB227C230AB006E70CC /* WeChatDemo */,
				76F20FC327C230AD006E70CC /* WeChatDemoTests */,
				76F20FCD27C230AD006E70CC /* WeChatDemoUITests */,
				76F20FB127C230AB006E70CC /* Products */,
			);
			sourceTree = "<group>";
		};
		76F20FB127C230AB006E70CC /* Products */ = {
			isa = PBXGroup;
			children = (
				76F20FB027C230AB006E70CC /* WeChatDemo.app */,
				76F20FC027C230AD006E70CC /* WeChatDemoTests.xctest */,
				76F20FCA27C230AD006E70CC /* WeChatDemoUITests.xctest */,
			);
			name = Products;
			sourceTree = "<group>";
		};
		76F20FB227C230AB006E70CC /* WeChatDemo */ = {
			isa = PBXGroup;
			children = (
				76F20FB327C230AB006E70CC /* WeChatDemoApp.swift */,
				76F20FB527C230AB006E70CC /* HomeView.swift */,
				76F20FDD27C23469006E70CC /* ChatListView.swift */,
				76F20FDF27C234AE006E70CC /* CollectionView.swift */,
				76F20FE127C23559006E70CC /* FilterView.swift */,
				76F20FB727C230AD006E70CC /* Assets.xcassets */,
				76F20FB927C230AD006E70CC /* Preview Content */,
			);
			path = WeChatDemo;
			sourceTree = "<group>";
		};
		76F20FB927C230AD006E70CC /* Preview Content */ = {
			isa = PBXGroup;
			children = (
				76F20FBA27C230AD006E70CC /* Preview Assets.xcassets */,
			);
			path = "Preview Content";
			sourceTree = "<group>";
		};
		76F20FC327C230AD006E70CC /* WeChatDemoTests */ = {
			isa = PBXGroup;
			children = (
				76F20FC427C230AD006E70CC /* WeChatDemoTests.swift */,
			);
			path = WeChatDemoTests;
			sourceTree = "<group>";
		};
		76F20FCD27C230AD006E70CC /* WeChatDemoUITests */ = {
			isa = PBXGroup;
			children = (
				76F20FCE27C230AD006E70CC /* WeChatDemoUITests.swift */,
				76F20FD027C230AD006E70CC /* WeChatDemoUITestsLaunchTests.swift */,
			);
			path = WeChatDemoUITests;
			sourceTree = "<group>";
		};
/* End PBXGroup section */

/* Begin PBXNativeTarget section */
		76F20FAF27C230AB006E70CC /* WeChatDemo */ = {
			isa = PBXNativeTarget;
			buildConfigurationList = 76F20FD427C230AD006E70CC /* Build configuration list for PBXNativeTarget "WeChatDemo" */;
			buildPhases = (
				76F20FAC27C230AB006E70CC /* Sources */,
				76F20FAD27C230AB006E70CC /* Frameworks */,
				76F20FAE27C230AB006E70CC /* Resources */,
			);
			buildRules = (
			);
			dependencies = (
			);
			name = WeChatDemo;
			productName = WeChatDemo;
			productReference = 76F20FB027C230AB006E70CC /* WeChatDemo.app */;
			productType = "com.apple.product-type.application";
		};
		76F20FBF27C230AD006E70CC /* WeChatDemoTests */ = {
			isa = PBXNativeTarget;
			buildConfigurationList = 76F20FD727C230AD006E70CC /* Build configuration list for PBXNativeTarget "WeChatDemoTests" */;
			buildPhases = (
				76F20FBC27C230AD006E70CC /* Sources */,
				76F20FBD27C230AD006E70CC /* Frameworks */,
				76F20FBE27C230AD006E70CC /* Resources */,
			);
			buildRules = (
			);
			dependencies = (
				76F20FC227C230AD006E70CC /* PBXTargetDependency */,
			);
			name = WeChatDemoTests;
			productName = WeChatDemoTests;
			productReference = 76F20FC027C230AD006E70CC /* WeChatDemoTests.xctest */;
			productType = "com.apple.product-type.bundle.unit-test";
		};
		76F20FC927C230AD006E70CC /* WeChatDemoUITests */ = {
			isa = PBXNativeTarget;
			buildConfigurationList = 76F20FDA27C230AD006E70CC /* Build configuration list for PBXNativeTarget "WeChatDemoUITests" */;
			buildPhases = (
				76F20FC627C230AD006E70CC /* Sources */,
				76F20FC727C230AD006E70CC /* Frameworks */,
				76F20FC827C230AD006E70CC /* Resources */,
			);
			buildRules = (
			);
			dependencies = (
				76F20FCC27C230AD006E70CC /* PBXTargetDependency */,
			);
			name = WeChatDemoUITests;
			productName = WeChatDemoUITests;
			productReference = 76F20FCA27C230AD006E70CC /* WeChatDemoUITests.xctest */;
			productType = "com.apple.product-type.bundle.ui-testing";
		};
/* End PBXNativeTarget section */

/* Begin PBXProject section */
		76F20FA827C230AB006E70CC /* Project object */ = {
			isa = PBXProject;
			attributes = {
				BuildIndependentTargetsInParallel = 1;
				LastSwiftUpdateCheck = 1320;
				LastUpgradeCheck = 1320;
				TargetAttributes = {
					76F20FAF27C230AB006E70CC = {
						CreatedOnToolsVersion = 13.2.1;
					};
					76F20FBF27C230AD006E70CC = {
						CreatedOnToolsVersion = 13.2.1;
						TestTargetID = 76F20FAF27C230AB006E70CC;
					};
					76F20FC927C230AD006E70CC = {
						CreatedOnToolsVersion = 13.2.1;
						TestTargetID = 76F20FAF27C230AB006E70CC;
					};
				};
			};
			buildConfigurationList = 76F20FAB27C230AB006E70CC /* Build configuration list for PBXProject "WeChatDemo" */;
			compatibilityVersion = "Xcode 13.0";
			developmentRegion = en;
			hasScannedForEncodings = 0;
			knownRegions = (
				en,
				Base,
			);
			mainGroup = 76F20FA727C230AB006E70CC;
			productRefGroup = 76F20FB127C230AB006E70CC /* Products */;
			projectDirPath = "";
			projectRoot = "";
			targets = (
				76F20FAF27C230AB006E70CC /* WeChatDemo */,
				76F20FBF27C230AD006E70CC /* WeChatDemoTests */,
				76F20FC927C230AD006E70CC /* WeChatDemoUITests */,
			);
		};
/* End PBXProject section */

/* Begin PBXResourcesBuildPhase section */
		76F20FAE27C230AB006E70CC /* Resources */ = {
			isa = PBXResourcesBuildPhase;
			buildActionMask = 2147483647;
			files = (
				76F20FBB27C230AD006E70CC /* Preview Assets.xcassets in Resources */,
				76F20FB827C230AD006E70CC /* Assets.xcassets in Resources */,
			);
			runOnlyForDeploymentPostprocessing = 0;
		};
		76F20FBE27C230AD006E70CC /* Resources */ = {
			isa = PBXResourcesBuildPhase;
			buildActionMask = 2147483647;
			files = (
			);
			runOnlyForDeploymentPostprocessing = 0;
		};
		76F20FC827C230AD006E70CC /* Resources */ = {
			isa = PBXResourcesBuildPhase;
			buildActionMask = 2147483647;
			files = (
			);
			runOnlyForDeploymentPostprocessing = 0;
		};
/* End PBXResourcesBuildPhase section */

/* Begin PBXSourcesBuildPhase section */
		76F20FAC27C230AB006E70CC /* Sources */ = {
			isa = PBXSourcesBuildPhase;
			buildActionMask = 2147483647;
			files = (
				76F20FB627C230AB006E70CC /* HomeView.swift in Sources */,
				76F20FDE27C23469006E70CC /* ChatListView.swift in Sources */,
				76F20FE027C234AE006E70CC /* CollectionView.swift in Sources */,
				76F20FE227C23559006E70CC /* FilterView.swift in Sources */,
				76F20FB427C230AB006E70CC /* WeChatDemoApp.swift in Sources */,
			);
			runOnlyForDeploymentPostprocessing = 0;
		};
		76F20FBC27C230AD006E70CC /* Sources */ = {
			isa = PBXSourcesBuildPhase;
			buildActionMask = 2147483647;
			files = (
				76F20FC527C230AD006E70CC /* WeChatDemoTests.swift in Sources */,
			);
			runOnlyForDeploymentPostprocessing = 0;
		};
		76F20FC627C230AD006E70CC /* Sources */ = {
			isa = PBXSourcesBuildPhase;
			buildActionMask = 2147483647;
			files = (
				76F20FCF27C230AD006E70CC /* WeChatDemoUITests.swift in Sources */,
				76F20FD127C230AD006E70CC /* WeChatDemoUITestsLaunchTests.swift in Sources */,
			);
			runOnlyForDeploymentPostprocessing = 0;
		};
/* End PBXSourcesBuildPhase section */

/* Begin PBXTargetDependency section */
		76F20FC227C230AD006E70CC /* PBXTargetDependency */ = {
			isa = PBXTargetDependency;
			target = 76F20FAF27C230AB006E70CC /* WeChatDemo */;
			targetProxy = 76F20FC127C230AD006E70CC /* PBXContainerItemProxy */;
		};
		76F20FCC27C230AD006E70CC /* PBXTargetDependency */ = {
			isa = PBXTargetDependency;
			target = 76F20FAF27C230AB006E70CC /* WeChatDemo */;
			targetProxy = 76F20FCB27C230AD006E70CC /* PBXContainerItemProxy */;
		};
/* End PBXTargetDependency section */

/* Begin XCBuildConfiguration section */
		76F20FD227C230AD006E70CC /* Debug */ = {
			isa = XCBuildConfiguration;
			buildSettings = {
				ALWAYS_SEARCH_USER_PATHS = NO;
				CLANG_ANALYZER_NONNULL = YES;
				CLANG_ANALYZER_NUMBER_OBJECT_CONVERSION = YES_AGGRESSIVE;
				CLANG_CXX_LANGUAGE_STANDARD = "gnu++17";
				CLANG_CXX_LIBRARY = "libc++";
				CLANG_ENABLE_MODULES = YES;
				CLANG_ENABLE_OBJC_ARC = YES;
				CLANG_ENABLE_OBJC_WEAK = YES;
				CLANG_WARN_BLOCK_CAPTURE_AUTORELEASING = YES;
				CLANG_WARN_BOOL_CONVERSION = YES;
				CLANG_WARN_COMMA = YES;
				CLANG_WARN_CONSTANT_CONVERSION = YES;
				CLANG_WARN_DEPRECATED_OBJC_IMPLEMENTATIONS = YES;
				CLANG_WARN_DIRECT_OBJC_ISA_USAGE = YES_ERROR;
				CLANG_WARN_DOCUMENTATION_COMMENTS = YES;
				CLANG_WARN_EMPTY_BODY = YES;
				CLANG_WARN_ENUM_CONVERSION = YES;
				CLANG_WARN_INFINITE_RECURSION = YES;
				CLANG_WARN_INT_CONVERSION = YES;
				CLANG_WARN_NON_LITERAL_NULL_CONVERSION = YES;
				CLANG_WARN_OBJC_IMPLICIT_RETAIN_SELF = YES;
				CLANG_WARN_OBJC_LITERAL_CONVERSION = YES;
				CLANG_WARN_OBJC_ROOT_CLASS = YES_ERROR;
				CLANG_WARN_QUOTED_INCLUDE_IN_FRAMEWORK_HEADER = YES;
				CLANG_WARN_RANGE_LOOP_ANALYSIS = YES;
				CLANG_WARN_STRICT_PROTOTYPES = YES;
				CLANG_WARN_SUSPICIOUS_MOVE = YES;
				CLANG_WARN_UNGUARDED_AVAILABILITY = YES_AGGRESSIVE;
				CLANG_WARN_UNREACHABLE_CODE = YES;
				CLANG_WARN__DUPLICATE_METHOD_MATCH = YES;
				COPY_PHASE_STRIP = NO;
				DEBUG_INFORMATION_FORMAT = dwarf;
				ENABLE_STRICT_OBJC_MSGSEND = YES;
				ENABLE_TESTABILITY = YES;
				GCC_C_LANGUAGE_STANDARD = gnu11;
				GCC_DYNAMIC_NO_PIC = NO;
				GCC_NO_COMMON_BLOCKS = YES;
				GCC_OPTIMIZATION_LEVEL = 0;
				GCC_PREPROCESSOR_DEFINITIONS = (
					"DEBUG=1",
					"$(inherited)",
				);
				GCC_WARN_64_TO_32_BIT_CONVERSION = YES;
				GCC_WARN_ABOUT_RETURN_TYPE = YES_ERROR;
				GCC_WARN_UNDECLARED_SELECTOR = YES;
				GCC_WARN_UNINITIALIZED_AUTOS = YES_AGGRESSIVE;
				GCC_WARN_UNUSED_FUNCTION = YES;
				GCC_WARN_UNUSED_VARIABLE = YES;
				IPHONEOS_DEPLOYMENT_TARGET = 15.2;
				MTL_ENABLE_DEBUG_INFO = INCLUDE_SOURCE;
				MTL_FAST_MATH = YES;
				ONLY_ACTIVE_ARCH = YES;
				SDKROOT = iphoneos;
				SWIFT_ACTIVE_COMPILATION_CONDITIONS = DEBUG;
				SWIFT_OPTIMIZATION_LEVEL = "-Onone";
			};
			name = Debug;
		};
		76F20FD327C230AD006E70CC /* Release */ = {
			isa = XCBuildConfiguration;
			buildSettings = {
				ALWAYS_SEARCH_USER_PATHS = NO;
				CLANG_ANALYZER_NONNULL = YES;
				CLANG_ANALYZER_NUMBER_OBJECT_CONVERSION = YES_AGGRESSIVE;
				CLANG_CXX_LANGUAGE_STANDARD = "gnu++17";
				CLANG_CXX_LIBRARY = "libc++";
				CLANG_ENABLE_MODULES = YES;
				CLANG_ENABLE_OBJC_ARC = YES;
				CLANG_ENABLE_OBJC_WEAK = YES;
				CLANG_WARN_BLOCK_CAPTURE_AUTORELEASING = YES;
				CLANG_WARN_BOOL_CONVERSION = YES;
				CLANG_WARN_COMMA = YES;
				CLANG_WARN_CONSTANT_CONVERSION = YES;
				CLANG_WARN_DEPRECATED_OBJC_IMPLEMENTATIONS = YES;
				CLANG_WARN_DIRECT_OBJC_ISA_USAGE = YES_ERROR;
				CLANG_WARN_DOCUMENTATION_COMMENTS = YES;
				CLANG_WARN_EMPTY_BODY = YES;
				CLANG_WARN_ENUM_CONVERSION = YES;
				CLANG_WARN_INFINITE_RECURSION = YES;
				CLANG_WARN_INT_CONVERSION = YES;
				CLANG_WARN_NON_LITERAL_NULL_CONVERSION = YES;
				CLANG_WARN_OBJC_IMPLICIT_RETAIN_SELF = YES;
				CLANG_WARN_OBJC_LITERAL_CONVERSION = YES;
				CLANG_WARN_OBJC_ROOT_CLASS = YES_ERROR;
				CLANG_WARN_QUOTED_INCLUDE_IN_FRAMEWORK_HEADER = YES;
				CLANG_WARN_RANGE_LOOP_ANALYSIS = YES;
				CLANG_WARN_STRICT_PROTOTYPES = YES;
				CLANG_WARN_SUSPICIOUS_MOVE = YES;
				CLANG_WARN_UNGUARDED_AVAILABILITY = YES_AGGRESSIVE;
				CLANG_WARN_UNREACHABLE_CODE = YES;
				CLANG_WARN__DUPLICATE_METHOD_MATCH = YES;
				COPY_PHASE_STRIP = NO;
				DEBUG_INFORMATION_FORMAT = "dwarf-with-dsym";
				ENABLE_NS_ASSERTIONS = NO;
				ENABLE_STRICT_OBJC_MSGSEND = YES;
				GCC_C_LANGUAGE_STANDARD = gnu11;
				GCC_NO_COMMON_BLOCKS = YES;
				GCC_WARN_64_TO_32_BIT_CONVERSION = YES;
				GCC_WARN_ABOUT_RETURN_TYPE = YES_ERROR;
				GCC_WARN_UNDECLARED_SELECTOR = YES;
				GCC_WARN_UNINITIALIZED_AUTOS = YES_AGGRESSIVE;
				GCC_WARN_UNUSED_FUNCTION = YES;
				GCC_WARN_UNUSED_VARIABLE = YES;
				IPHONEOS_DEPLOYMENT_TARGET = 15.2;
				MTL_ENABLE_DEBUG_INFO = NO;
				MTL_FAST_MATH = YES;
				SDKROOT = iphoneos;
				SWIFT_COMPILATION_MODE = wholemodule;
				SWIFT_OPTIMIZATION_LEVEL = "-O";
				VALIDATE_PRODUCT = YES;
			};
			name = Release;
		};
		76F20FD527C230AD006E70CC /* Debug */ = {
			isa = XCBuildConfiguration;
			buildSettings = {
				ASSETCATALOG_COMPILER_APPICON_NAME = AppIcon;
				ASSETCATALOG_COMPILER_GLOBAL_ACCENT_COLOR_NAME = AccentColor;
				CODE_SIGN_STYLE = Automatic;
				CURRENT_PROJECT_VERSION = 1;
				DEVELOPMENT_ASSET_PATHS = "\"WeChatDemo/Preview Content\"";
				ENABLE_PREVIEWS = YES;
				GENERATE_INFOPLIST_FILE = YES;
				INFOPLIST_KEY_UIApplicationSceneManifest_Generation = YES;
				INFOPLIST_KEY_UIApplicationSupportsIndirectInputEvents = YES;
				INFOPLIST_KEY_UILaunchScreen_Generation = YES;
				INFOPLIST_KEY_UISupportedInterfaceOrientations_iPad = "UIInterfaceOrientationPortrait UIInterfaceOrientationPortraitUpsideDown UIInterfaceOrientationLandscapeLeft UIInterfaceOrientationLandscapeRight";
				INFOPLIST_KEY_UISupportedInterfaceOrientations_iPhone = "UIInterfaceOrientationPortrait UIInterfaceOrientationLandscapeLeft UIInterfaceOrientationLandscapeRight";
				LD_RUNPATH_SEARCH_PATHS = (
					"$(inherited)",
					"@executable_path/Frameworks",
				);
				MARKETING_VERSION = 1.0;
				PRODUCT_BUNDLE_IDENTIFIER = test.com.cn.WeChatDemo;
				PRODUCT_NAME = "$(TARGET_NAME)";
				SWIFT_EMIT_LOC_STRINGS = YES;
				SWIFT_VERSION = 5.0;
				TARGETED_DEVICE_FAMILY = "1,2";
			};
			name = Debug;
		};
		76F20FD627C230AD006E70CC /* Release */ = {
			isa = XCBuildConfiguration;
			buildSettings = {
				ASSETCATALOG_COMPILER_APPICON_NAME = AppIcon;
				ASSETCATALOG_COMPILER_GLOBAL_ACCENT_COLOR_NAME = AccentColor;
				CODE_SIGN_STYLE = Automatic;
				CURRENT_PROJECT_VERSION = 1;
				DEVELOPMENT_ASSET_PATHS = "\"WeChatDemo/Preview Content\"";
				ENABLE_PREVIEWS = YES;
				GENERATE_INFOPLIST_FILE = YES;
				INFOPLIST_KEY_UIApplicationSceneManifest_Generation = YES;
				INFOPLIST_KEY_UIApplicationSupportsIndirectInputEvents = YES;
				INFOPLIST_KEY_UILaunchScreen_Generation = YES;
				INFOPLIST_KEY_UISupportedInterfaceOrientations_iPad = "UIInterfaceOrientationPortrait UIInterfaceOrientationPortraitUpsideDown UIInterfaceOrientationLandscapeLeft UIInterfaceOrientationLandscapeRight";
				INFOPLIST_KEY_UISupportedInterfaceOrientations_iPhone = "UIInterfaceOrientationPortrait UIInterfaceOrientationLandscapeLeft UIInterfaceOrientationLandscapeRight";
				LD_RUNPATH_SEARCH_PATHS = (
					"$(inherited)",
					"@executable_path/Frameworks",
				);
				MARKETING_VERSION = 1.0;
				PRODUCT_BUNDLE_IDENTIFIER = test.com.cn.WeChatDemo;
				PRODUCT_NAME = "$(TARGET_NAME)";
				SWIFT_EMIT_LOC_STRINGS = YES;
				SWIFT_VERSION = 5.0;
				TARGETED_DEVICE_FAMILY = "1,2";
			};
			name = Release;
		};
		76F20FD827C230AD006E70CC /* Debug */ = {
			isa = XCBuildConfiguration;
			buildSettings = {
				ALWAYS_EMBED_SWIFT_STANDARD_LIBRARIES = YES;
				BUNDLE_LOADER = "$(TEST_HOST)";
				CODE_SIGN_STYLE = Automatic;
				CURRENT_PROJECT_VERSION = 1;
				GENERATE_INFOPLIST_FILE = YES;
				IPHONEOS_DEPLOYMENT_TARGET = 15.2;
				MARKETING_VERSION = 1.0;
				PRODUCT_BUNDLE_IDENTIFIER = test.com.cn.WeChatDemoTests;
				PRODUCT_NAME = "$(TARGET_NAME)";
				SWIFT_EMIT_LOC_STRINGS = NO;
				SWIFT_VERSION = 5.0;
				TARGETED_DEVICE_FAMILY = "1,2";
				TEST_HOST = "$(BUILT_PRODUCTS_DIR)/WeChatDemo.app/WeChatDemo";
			};
			name = Debug;
		};
		76F20FD927C230AD006E70CC /* Release */ = {
			isa = XCBuildConfiguration;
			buildSettings = {
				ALWAYS_EMBED_SWIFT_STANDARD_LIBRARIES = YES;
				BUNDLE_LOADER = "$(TEST_HOST)";
				CODE_SIGN_STYLE = Automatic;
				CURRENT_PROJECT_VERSION = 1;
				GENERATE_INFOPLIST_FILE = YES;
				IPHONEOS_DEPLOYMENT_TARGET = 15.2;
				MARKETING_VERSION = 1.0;
				PRODUCT_BUNDLE_IDENTIFIER = test.com.cn.WeChatDemoTests;
				PRODUCT_NAME = "$(TARGET_NAME)";
				SWIFT_EMIT_LOC_STRINGS = NO;
				SWIFT_VERSION = 5.0;
				TARGETED_DEVICE_FAMILY = "1,2";
				TEST_HOST = "$(BUILT_PRODUCTS_DIR)/WeChatDemo.app/WeChatDemo";
			};
			name = Release;
		};
		76F20FDB27C230AD006E70CC /* Debug */ = {
			isa = XCBuildConfiguration;
			buildSettings = {
				ALWAYS_EMBED_SWIFT_STANDARD_LIBRARIES = YES;
				CODE_SIGN_STYLE = Automatic;
				CURRENT_PROJECT_VERSION = 1;
				GENERATE_INFOPLIST_FILE = YES;
				MARKETING_VERSION = 1.0;
				PRODUCT_BUNDLE_IDENTIFIER = test.com.cn.WeChatDemoUITests;
				PRODUCT_NAME = "$(TARGET_NAME)";
				SWIFT_EMIT_LOC_STRINGS = NO;
				SWIFT_VERSION = 5.0;
				TARGETED_DEVICE_FAMILY = "1,2";
				TEST_TARGET_NAME = WeChatDemo;
			};
			name = Debug;
		};
		76F20FDC27C230AD006E70CC /* Release */ = {
			isa = XCBuildConfiguration;
			buildSettings = {
				ALWAYS_EMBED_SWIFT_STANDARD_LIBRARIES = YES;
				CODE_SIGN_STYLE = Automatic;
				CURRENT_PROJECT_VERSION = 1;
				GENERATE_INFOPLIST_FILE = YES;
				MARKETING_VERSION = 1.0;
				PRODUCT_BUNDLE_IDENTIFIER = test.com.cn.WeChatDemoUITests;
				PRODUCT_NAME = "$(TARGET_NAME)";
				SWIFT_EMIT_LOC_STRINGS = NO;
				SWIFT_VERSION = 5.0;
				TARGETED_DEVICE_FAMILY = "1,2";
				TEST_TARGET_NAME = WeChatDemo;
			};
			name = Release;
		};
/* End XCBuildConfiguration section */

/* Begin XCConfigurationList section */
		76F20FAB27C230AB006E70CC /* Build configuration list for PBXProject "WeChatDemo" */ = {
			isa = XCConfigurationList;
			buildConfigurations = (
				76F20FD227C230AD006E70CC /* Debug */,
				76F20FD327C230AD006E70CC /* Release */,
			);
			defaultConfigurationIsVisible = 0;
			defaultConfigurationName = Release;
		};
		76F20FD427C230AD006E70CC /* Build configuration list for PBXNativeTarget "WeChatDemo" */ = {
			isa = XCConfigurationList;
			buildConfigurations = (
				76F20FD527C230AD006E70CC /* Debug */,
				76F20FD627C230AD006E70CC /* Release */,
			);
			defaultConfigurationIsVisible = 0;
			defaultConfigurationName = Release;
		};
		76F20FD727C230AD006E70CC /* Build configuration list for PBXNativeTarget "WeChatDemoTests" */ = {
			isa = XCConfigurationList;
			buildConfigurations = (
				76F20FD827C230AD006E70CC /* Debug */,
				76F20FD927C230AD006E70CC /* Release */,
			);
			defaultConfigurationIsVisible = 0;
			defaultConfigurationName = Release;
		};
		76F20FDA27C230AD006E70CC /* Build configuration list for PBXNativeTarget "WeChatDemoUITests" */ = {
			isa = XCConfigurationList;
			buildConfigurations = (
				76F20FDB27C230AD006E70CC /* Debug */,
				76F20FDC27C230AD006E70CC /* Release */,
			);
			defaultConfigurationIsVisible = 0;
			defaultConfigurationName = Release;
		};
/* End XCConfigurationList section */
	};
	rootObject = 76F20FA827C230AB006E70CC /* Project object */;
}
